
Microsoft Visual Studio Solution File, Format Version 12.00
# Visual Studio 15
VisualStudioVersion = 15.0.28010.2046
MinimumVisualStudioVersion = 10.0.40219.1
Project("{FAE04EC0-301F-11D3-BF4B-00C04F79EFBC}") = "Homework_5", "Homework_5\Homework_5.csproj", "{53F45886-7D88-45F2-91DA-C8ABC0126B08}"
EndProject
Global
	GlobalSection(SolutionConfigurationPlatforms) = preSolution
		Debug|Any CPU = Debug|Any CPU
		Release|Any CPU = Release|Any CPU
	EndGlobalSection
	GlobalSection(ProjectConfigurationPlatforms) = postSolution
		{53F45886-7D88-45F2-91DA-C8ABC0126B08}.Debug|Any CPU.ActiveCfg = Debug|Any CPU
		{53F45886-7D88-45F2-91DA-C8ABC0126B08}.Debug|Any CPU.Build.0 = Debug|Any CPU
		{53F45886-7D88-45F2-91DA-C8ABC0126B08}.Release|Any CPU.ActiveCfg = Release|Any CPU
		{53F45886-7D88-45F2-91DA-C8ABC0126B08}.Release|Any CPU.Build.0 = Release|Any CPU
	EndGlobalSection
	GlobalSection(SolutionProperties) = preSolution
		HideSolutionNode = FALSE
	EndGlobalSection
	GlobalSection(ExtensibilityGlobals) = postSolution
		SolutionGuid = {7C1E5F30-8178-4210-91C4-10B561AFDE71}
	EndGlobalSection
EndGlobal
